
Microsoft Visual Studio Solution File, Format Version 12.00
# Visual Studio Version 17
VisualStudioVersion = 17.9.34701.34
MinimumVisualStudioVersion = 10.0.40219.1
Project("{FAE04EC0-301F-11D3-BF4B-00C04F79EFBC}") = "ExamenFinal", "ExamenFinal.csproj", "{7EAAD08B-591F-4F18-A42A-D4EEB2FE1EBE}"
EndProject
Global
	GlobalSection(SolutionConfigurationPlatforms) = preSolution
		Debug|Any CPU = Debug|Any CPU
		Release|Any CPU = Release|Any CPU
	EndGlobalSection
	GlobalSection(ProjectConfigurationPlatforms) = postSolution
		{7EAAD08B-591F-4F18-A42A-D4EEB2FE1EBE}.Debug|Any CPU.ActiveCfg = Debug|Any CPU
		{7EAAD08B-591F-4F18-A42A-D4EEB2FE1EBE}.Debug|Any CPU.Build.0 = Debug|Any CPU
		{7EAAD08B-591F-4F18-A42A-D4EEB2FE1EBE}.Release|Any CPU.ActiveCfg = Release|Any CPU
		{7EAAD08B-591F-4F18-A42A-D4EEB2FE1EBE}.Release|Any CPU.Build.0 = Release|Any CPU
	EndGlobalSection
	GlobalSection(SolutionProperties) = preSolution
		HideSolutionNode = FALSE
	EndGlobalSection
	GlobalSection(ExtensibilityGlobals) = postSolution
		SolutionGuid = {055DAD3C-9B5C-4675-B918-E8CB3FBAAD4E}
	EndGlobalSection
EndGlobal
